// !$*UTF8*$!
{
	archiveVersion = 1;
	classes = {
	};
	objectVersion = 50;
	objects = {

/* Begin PBXBuildFile section */
		8406F4522251DBA2001B465D /* AppDelegate.swift in Sources */ = {isa = PBXBuildFile; fileRef = 8406F4512251DBA2001B465D /* AppDelegate.swift */; };
		8406F4592251DBA5001B465D /* Assets.xcassets in Resources */ = {isa = PBXBuildFile; fileRef = 8406F4582251DBA5001B465D /* Assets.xcassets */; };
		8406F45C2251DBA5001B465D /* LaunchScreen.storyboard in Resources */ = {isa = PBXBuildFile; fileRef = 8406F45A2251DBA5001B465D /* LaunchScreen.storyboard */; };
		8406F4722251DBA5001B465D /* VIP_DemoUITests.swift in Sources */ = {isa = PBXBuildFile; fileRef = 8406F4712251DBA5001B465D /* VIP_DemoUITests.swift */; };
		8406F4842251DFBD001B465D /* URLConstants.swift in Sources */ = {isa = PBXBuildFile; fileRef = 8406F4832251DFBD001B465D /* URLConstants.swift */; };
		8406F4A2225201B3001B465D /* PostDetailsModels.swift in Sources */ = {isa = PBXBuildFile; fileRef = 8406F49C225201B2001B465D /* PostDetailsModels.swift */; };
		8406F4A3225201B3001B465D /* PostDetailsWorker.swift in Sources */ = {isa = PBXBuildFile; fileRef = 8406F49D225201B3001B465D /* PostDetailsWorker.swift */; };
		8406F4A4225201B3001B465D /* PostDetailsInteractor.swift in Sources */ = {isa = PBXBuildFile; fileRef = 8406F49E225201B3001B465D /* PostDetailsInteractor.swift */; };
		8406F4A5225201B3001B465D /* PostDetailsRouter.swift in Sources */ = {isa = PBXBuildFile; fileRef = 8406F49F225201B3001B465D /* PostDetailsRouter.swift */; };
		8406F4A6225201B3001B465D /* PostDetailsPresenter.swift in Sources */ = {isa = PBXBuildFile; fileRef = 8406F4A0225201B3001B465D /* PostDetailsPresenter.swift */; };
		8406F4A7225201B3001B465D /* PostDetailsViewController.swift in Sources */ = {isa = PBXBuildFile; fileRef = 8406F4A1225201B3001B465D /* PostDetailsViewController.swift */; };
		8406F4B322522700001B465D /* PostDetailTVCell.swift in Sources */ = {isa = PBXBuildFile; fileRef = 8406F4B222522700001B465D /* PostDetailTVCell.swift */; };
		8406F4BA225237E3001B465D /* PostDetailsViewControllerTests.swift in Sources */ = {isa = PBXBuildFile; fileRef = 8406F4B6225237E3001B465D /* PostDetailsViewControllerTests.swift */; };
		8406F4BB225237E3001B465D /* PostDetailsInteractorTests.swift in Sources */ = {isa = PBXBuildFile; fileRef = 8406F4B7225237E3001B465D /* PostDetailsInteractorTests.swift */; };
		8406F4BC225237E3001B465D /* PostDetailsWorkerTests.swift in Sources */ = {isa = PBXBuildFile; fileRef = 8406F4B8225237E3001B465D /* PostDetailsWorkerTests.swift */; };
		8406F4BD225237E3001B465D /* PostDetailsPresenterTests.swift in Sources */ = {isa = PBXBuildFile; fileRef = 8406F4B9225237E3001B465D /* PostDetailsPresenterTests.swift */; };
/* End PBXBuildFile section */

/* Begin PBXContainerItemProxy section */
		8406F4632251DBA5001B465D /* PBXContainerItemProxy */ = {
			isa = PBXContainerItemProxy;
			containerPortal = 8406F4462251DBA1001B465D /* Project object */;
			proxyType = 1;
			remoteGlobalIDString = 8406F44D2251DBA2001B465D;
			remoteInfo = "VIP-Demo";
		};
		8406F46E2251DBA5001B465D /* PBXContainerItemProxy */ = {
			isa = PBXContainerItemProxy;
			containerPortal = 8406F4462251DBA1001B465D /* Project object */;
			proxyType = 1;
			remoteGlobalIDString = 8406F44D2251DBA2001B465D;
			remoteInfo = "VIP-Demo";
		};
/* End PBXContainerItemProxy section */

/* Begin PBXFileReference section */
		8406F44E2251DBA2001B465D /* VIP-Demo.app */ = {isa = PBXFileReference; explicitFileType = wrapper.application; includeInIndex = 0; path = "VIP-Demo.app"; sourceTree = BUILT_PRODUCTS_DIR; };
		8406F4512251DBA2001B465D /* AppDelegate.swift */ = {isa = PBXFileReference; lastKnownFileType = sourcecode.swift; path = AppDelegate.swift; sourceTree = "<group>"; };
		8406F4582251DBA5001B465D /* Assets.xcassets */ = {isa = PBXFileReference; lastKnownFileType = folder.assetcatalog; path = Assets.xcassets; sourceTree = "<group>"; };
		8406F45B2251DBA5001B465D /* Base */ = {isa = PBXFileReference; lastKnownFileType = file.storyboard; name = Base; path = Base.lproj/LaunchScreen.storyboard; sourceTree = "<group>"; };
		8406F45D2251DBA5001B465D /* Info.plist */ = {isa = PBXFileReference; lastKnownFileType = text.plist.xml; path = Info.plist; sourceTree = "<group>"; };
		8406F4622251DBA5001B465D /* VIP-DemoTests.xctest */ = {isa = PBXFileReference; explicitFileType = wrapper.cfbundle; includeInIndex = 0; path = "VIP-DemoTests.xctest"; sourceTree = BUILT_PRODUCTS_DIR; };
		8406F4682251DBA5001B465D /* Info.plist */ = {isa = PBXFileReference; lastKnownFileType = text.plist.xml; path = Info.plist; sourceTree = "<group>"; };
		8406F46D2251DBA5001B465D /* VIP-DemoUITests.xctest */ = {isa = PBXFileReference; explicitFileType = wrapper.cfbundle; includeInIndex = 0; path = "VIP-DemoUITests.xctest"; sourceTree = BUILT_PRODUCTS_DIR; };
		8406F4712251DBA5001B465D /* VIP_DemoUITests.swift */ = {isa = PBXFileReference; lastKnownFileType = sourcecode.swift; path = VIP_DemoUITests.swift; sourceTree = "<group>"; };
		8406F4732251DBA5001B465D /* Info.plist */ = {isa = PBXFileReference; lastKnownFileType = text.plist.xml; path = Info.plist; sourceTree = "<group>"; };
		8406F4832251DFBD001B465D /* URLConstants.swift */ = {isa = PBXFileReference; lastKnownFileType = sourcecode.swift; path = URLConstants.swift; sourceTree = "<group>"; };
		8406F49C225201B2001B465D /* PostDetailsModels.swift */ = {isa = PBXFileReference; fileEncoding = 4; lastKnownFileType = sourcecode.swift; path = PostDetailsModels.swift; sourceTree = "<group>"; };
		8406F49D225201B3001B465D /* PostDetailsWorker.swift */ = {isa = PBXFileReference; fileEncoding = 4; lastKnownFileType = sourcecode.swift; path = PostDetailsWorker.swift; sourceTree = "<group>"; };
		8406F49E225201B3001B465D /* PostDetailsInteractor.swift */ = {isa = PBXFileReference; fileEncoding = 4; lastKnownFileType = sourcecode.swift; path = PostDetailsInteractor.swift; sourceTree = "<group>"; };
		8406F49F225201B3001B465D /* PostDetailsRouter.swift */ = {isa = PBXFileReference; fileEncoding = 4; lastKnownFileType = sourcecode.swift; path = PostDetailsRouter.swift; sourceTree = "<group>"; };
		8406F4A0225201B3001B465D /* PostDetailsPresenter.swift */ = {isa = PBXFileReference; fileEncoding = 4; lastKnownFileType = sourcecode.swift; path = PostDetailsPresenter.swift; sourceTree = "<group>"; };
		8406F4A1225201B3001B465D /* PostDetailsViewController.swift */ = {isa = PBXFileReference; fileEncoding = 4; lastKnownFileType = sourcecode.swift; path = PostDetailsViewController.swift; sourceTree = "<group>"; };
		8406F4B222522700001B465D /* PostDetailTVCell.swift */ = {isa = PBXFileReference; fileEncoding = 4; lastKnownFileType = sourcecode.swift; path = PostDetailTVCell.swift; sourceTree = "<group>"; };
		8406F4B6225237E3001B465D /* PostDetailsViewControllerTests.swift */ = {isa = PBXFileReference; lastKnownFileType = sourcecode.swift; path = PostDetailsViewControllerTests.swift; sourceTree = "<group>"; };
		8406F4B7225237E3001B465D /* PostDetailsInteractorTests.swift */ = {isa = PBXFileReference; lastKnownFileType = sourcecode.swift; path = PostDetailsInteractorTests.swift; sourceTree = "<group>"; };
		8406F4B8225237E3001B465D /* PostDetailsWorkerTests.swift */ = {isa = PBXFileReference; lastKnownFileType = sourcecode.swift; path = PostDetailsWorkerTests.swift; sourceTree = "<group>"; };
		8406F4B9225237E3001B465D /* PostDetailsPresenterTests.swift */ = {isa = PBXFileReference; lastKnownFileType = sourcecode.swift; path = PostDetailsPresenterTests.swift; sourceTree = "<group>"; };
/* End PBXFileReference section */

/* Begin PBXFrameworksBuildPhase section */
		8406F44B2251DBA2001B465D /* Frameworks */ = {
			isa = PBXFrameworksBuildPhase;
			buildActionMask = 2147483647;
			files = (
			);
			runOnlyForDeploymentPostprocessing = 0;
		};
		8406F45F2251DBA5001B465D /* Frameworks */ = {
			isa = PBXFrameworksBuildPhase;
			buildActionMask = 2147483647;
			files = (
			);
			runOnlyForDeploymentPostprocessing = 0;
		};
		8406F46A2251DBA5001B465D /* Frameworks */ = {
			isa = PBXFrameworksBuildPhase;
			buildActionMask = 2147483647;
			files = (
			);
			runOnlyForDeploymentPostprocessing = 0;
		};
/* End PBXFrameworksBuildPhase section */

/* Begin PBXGroup section */
		8406F4452251DBA1001B465D = {
			isa = PBXGroup;
			children = (
				8406F4502251DBA2001B465D /* VIP-Demo */,
				8406F4812251DC63001B465D /* Resources */,
				8406F4652251DBA5001B465D /* VIP-DemoTests */,
				8406F4702251DBA5001B465D /* VIP-DemoUITests */,
				8406F44F2251DBA2001B465D /* Products */,
			);
			sourceTree = "<group>";
		};
		8406F44F2251DBA2001B465D /* Products */ = {
			isa = PBXGroup;
			children = (
				8406F44E2251DBA2001B465D /* VIP-Demo.app */,
				8406F4622251DBA5001B465D /* VIP-DemoTests.xctest */,
				8406F46D2251DBA5001B465D /* VIP-DemoUITests.xctest */,
			);
			name = Products;
			sourceTree = "<group>";
		};
		8406F4502251DBA2001B465D /* VIP-Demo */ = {
			isa = PBXGroup;
			children = (
				8406F4512251DBA2001B465D /* AppDelegate.swift */,
				8406F4822251DFA1001B465D /* Constants */,
				8406F4802251DC50001B465D /* Shared */,
				8406F47F2251DBC4001B465D /* Sources */,
			);
			path = "VIP-Demo";
			sourceTree = "<group>";
		};
		8406F4652251DBA5001B465D /* VIP-DemoTests */ = {
			isa = PBXGroup;
			children = (
				8406F4B5225235D0001B465D /* PostDetailTest */,
				8406F4682251DBA5001B465D /* Info.plist */,
			);
			path = "VIP-DemoTests";
			sourceTree = "<group>";
		};
		8406F4702251DBA5001B465D /* VIP-DemoUITests */ = {
			isa = PBXGroup;
			children = (
				8406F4712251DBA5001B465D /* VIP_DemoUITests.swift */,
				8406F4732251DBA5001B465D /* Info.plist */,
			);
			path = "VIP-DemoUITests";
			sourceTree = "<group>";
		};
		8406F47F2251DBC4001B465D /* Sources */ = {
			isa = PBXGroup;
			children = (
				8406F48F2252014E001B465D /* PostDetails */,
			);
			path = Sources;
			sourceTree = "<group>";
		};
		8406F4802251DC50001B465D /* Shared */ = {
			isa = PBXGroup;
			children = (
				8406F4B4225234CE001B465D /* SharedView-ViewModels */,
			);
			path = Shared;
			sourceTree = "<group>";
		};
		8406F4812251DC63001B465D /* Resources */ = {
			isa = PBXGroup;
			children = (
				8406F45D2251DBA5001B465D /* Info.plist */,
				8406F45A2251DBA5001B465D /* LaunchScreen.storyboard */,
				8406F4582251DBA5001B465D /* Assets.xcassets */,
			);
			path = Resources;
			sourceTree = "<group>";
		};
		8406F4822251DFA1001B465D /* Constants */ = {
			isa = PBXGroup;
			children = (
				8406F4832251DFBD001B465D /* URLConstants.swift */,
			);
			path = Constants;
			sourceTree = "<group>";
		};
		8406F48F2252014E001B465D /* PostDetails */ = {
			isa = PBXGroup;
			children = (
				8406F49E225201B3001B465D /* PostDetailsInteractor.swift */,
				8406F49C225201B2001B465D /* PostDetailsModels.swift */,
				8406F4A0225201B3001B465D /* PostDetailsPresenter.swift */,
				8406F49F225201B3001B465D /* PostDetailsRouter.swift */,
				8406F4A1225201B3001B465D /* PostDetailsViewController.swift */,
				8406F49D225201B3001B465D /* PostDetailsWorker.swift */,
			);
			path = PostDetails;
			sourceTree = "<group>";
		};
		8406F4B4225234CE001B465D /* SharedView-ViewModels */ = {
			isa = PBXGroup;
			children = (
				8406F4B222522700001B465D /* PostDetailTVCell.swift */,
			);
			path = "SharedView-ViewModels";
			sourceTree = "<group>";
		};
		8406F4B5225235D0001B465D /* PostDetailTest */ = {
			isa = PBXGroup;
			children = (
				8406F4B6225237E3001B465D /* PostDetailsViewControllerTests.swift */,
				8406F4B7225237E3001B465D /* PostDetailsInteractorTests.swift */,
				8406F4B8225237E3001B465D /* PostDetailsWorkerTests.swift */,
				8406F4B9225237E3001B465D /* PostDetailsPresenterTests.swift */,
			);
			path = PostDetailTest;
			sourceTree = "<group>";
		};
/* End PBXGroup section */

/* Begin PBXNativeTarget section */
		8406F44D2251DBA2001B465D /* VIP-Demo */ = {
			isa = PBXNativeTarget;
			buildConfigurationList = 8406F4762251DBA5001B465D /* Build configuration list for PBXNativeTarget "VIP-Demo" */;
			buildPhases = (
				8406F44A2251DBA2001B465D /* Sources */,
				8406F44B2251DBA2001B465D /* Frameworks */,
				8406F44C2251DBA2001B465D /* Resources */,
			);
			buildRules = (
			);
			dependencies = (
			);
			name = "VIP-Demo";
			productName = "VIP-Demo";
			productReference = 8406F44E2251DBA2001B465D /* VIP-Demo.app */;
			productType = "com.apple.product-type.application";
		};
		8406F4612251DBA5001B465D /* VIP-DemoTests */ = {
			isa = PBXNativeTarget;
			buildConfigurationList = 8406F4792251DBA5001B465D /* Build configuration list for PBXNativeTarget "VIP-DemoTests" */;
			buildPhases = (
				8406F45E2251DBA5001B465D /* Sources */,
				8406F45F2251DBA5001B465D /* Frameworks */,
				8406F4602251DBA5001B465D /* Resources */,
			);
			buildRules = (
			);
			dependencies = (
				8406F4642251DBA5001B465D /* PBXTargetDependency */,
			);
			name = "VIP-DemoTests";
			productName = "VIP-DemoTests";
			productReference = 8406F4622251DBA5001B465D /* VIP-DemoTests.xctest */;
			productType = "com.apple.product-type.bundle.unit-test";
		};
		8406F46C2251DBA5001B465D /* VIP-DemoUITests */ = {
			isa = PBXNativeTarget;
			buildConfigurationList = 8406F47C2251DBA5001B465D /* Build configuration list for PBXNativeTarget "VIP-DemoUITests" */;
			buildPhases = (
				8406F4692251DBA5001B465D /* Sources */,
				8406F46A2251DBA5001B465D /* Frameworks */,
				8406F46B2251DBA5001B465D /* Resources */,
			);
			buildRules = (
			);
			dependencies = (
				8406F46F2251DBA5001B465D /* PBXTargetDependency */,
			);
			name = "VIP-DemoUITests";
			productName = "VIP-DemoUITests";
			productReference = 8406F46D2251DBA5001B465D /* VIP-DemoUITests.xctest */;
			productType = "com.apple.product-type.bundle.ui-testing";
		};
/* End PBXNativeTarget section */

/* Begin PBXProject section */
		8406F4462251DBA1001B465D /* Project object */ = {
			isa = PBXProject;
			attributes = {
				LastSwiftUpdateCheck = 1020;
				LastUpgradeCheck = 1020;
				ORGANIZATIONNAME = admin;
				TargetAttributes = {
					8406F44D2251DBA2001B465D = {
						CreatedOnToolsVersion = 10.2;
					};
					8406F4612251DBA5001B465D = {
						CreatedOnToolsVersion = 10.2;
						TestTargetID = 8406F44D2251DBA2001B465D;
					};
					8406F46C2251DBA5001B465D = {
						CreatedOnToolsVersion = 10.2;
						TestTargetID = 8406F44D2251DBA2001B465D;
					};
				};
			};
			buildConfigurationList = 8406F4492251DBA1001B465D /* Build configuration list for PBXProject "VIP-Demo" */;
			compatibilityVersion = "Xcode 9.3";
			developmentRegion = en;
			hasScannedForEncodings = 0;
			knownRegions = (
				en,
				Base,
			);
			mainGroup = 8406F4452251DBA1001B465D;
			productRefGroup = 8406F44F2251DBA2001B465D /* Products */;
			projectDirPath = "";
			projectRoot = "";
			targets = (
				8406F44D2251DBA2001B465D /* VIP-Demo */,
				8406F4612251DBA5001B465D /* VIP-DemoTests */,
				8406F46C2251DBA5001B465D /* VIP-DemoUITests */,
			);
		};
/* End PBXProject section */

/* Begin PBXResourcesBuildPhase section */
		8406F44C2251DBA2001B465D /* Resources */ = {
			isa = PBXResourcesBuildPhase;
			buildActionMask = 2147483647;
			files = (
				8406F45C2251DBA5001B465D /* LaunchScreen.storyboard in Resources */,
				8406F4592251DBA5001B465D /* Assets.xcassets in Resources */,
			);
			runOnlyForDeploymentPostprocessing = 0;
		};
		8406F4602251DBA5001B465D /* Resources */ = {
			isa = PBXResourcesBuildPhase;
			buildActionMask = 2147483647;
			files = (
			);
			runOnlyForDeploymentPostprocessing = 0;
		};
		8406F46B2251DBA5001B465D /* Resources */ = {
			isa = PBXResourcesBuildPhase;
			buildActionMask = 2147483647;
			files = (
			);
			runOnlyForDeploymentPostprocessing = 0;
		};
/* End PBXResourcesBuildPhase section */

/* Begin PBXSourcesBuildPhase section */
		8406F44A2251DBA2001B465D /* Sources */ = {
			isa = PBXSourcesBuildPhase;
			buildActionMask = 2147483647;
			files = (
				8406F4B322522700001B465D /* PostDetailTVCell.swift in Sources */,
				8406F4522251DBA2001B465D /* AppDelegate.swift in Sources */,
				8406F4A2225201B3001B465D /* PostDetailsModels.swift in Sources */,
				8406F4842251DFBD001B465D /* URLConstants.swift in Sources */,
				8406F4A6225201B3001B465D /* PostDetailsPresenter.swift in Sources */,
				8406F4A4225201B3001B465D /* PostDetailsInteractor.swift in Sources */,
				8406F4A7225201B3001B465D /* PostDetailsViewController.swift in Sources */,
				8406F4A3225201B3001B465D /* PostDetailsWorker.swift in Sources */,
				8406F4A5225201B3001B465D /* PostDetailsRouter.swift in Sources */,
			);
			runOnlyForDeploymentPostprocessing = 0;
		};
		8406F45E2251DBA5001B465D /* Sources */ = {
			isa = PBXSourcesBuildPhase;
			buildActionMask = 2147483647;
			files = (
				8406F4BC225237E3001B465D /* PostDetailsWorkerTests.swift in Sources */,
				8406F4BD225237E3001B465D /* PostDetailsPresenterTests.swift in Sources */,
				8406F4BB225237E3001B465D /* PostDetailsInteractorTests.swift in Sources */,
				8406F4BA225237E3001B465D /* PostDetailsViewControllerTests.swift in Sources */,
			);
			runOnlyForDeploymentPostprocessing = 0;
		};
		8406F4692251DBA5001B465D /* Sources */ = {
			isa = PBXSourcesBuildPhase;
			buildActionMask = 2147483647;
			files = (
				8406F4722251DBA5001B465D /* VIP_DemoUITests.swift in Sources */,
			);
			runOnlyForDeploymentPostprocessing = 0;
		};
/* End PBXSourcesBuildPhase section */

/* Begin PBXTargetDependency section */
		8406F4642251DBA5001B465D /* PBXTargetDependency */ = {
			isa = PBXTargetDependency;
			target = 8406F44D2251DBA2001B465D /* VIP-Demo */;
			targetProxy = 8406F4632251DBA5001B465D /* PBXContainerItemProxy */;
		};
		8406F46F2251DBA5001B465D /* PBXTargetDependency */ = {
			isa = PBXTargetDependency;
			target = 8406F44D2251DBA2001B465D /* VIP-Demo */;
			targetProxy = 8406F46E2251DBA5001B465D /* PBXContainerItemProxy */;
		};
/* End PBXTargetDependency section */

/* Begin PBXVariantGroup section */
		8406F45A2251DBA5001B465D /* LaunchScreen.storyboard */ = {
			isa = PBXVariantGroup;
			children = (
				8406F45B2251DBA5001B465D /* Base */,
			);
			name = LaunchScreen.storyboard;
			sourceTree = "<group>";
		};
/* End PBXVariantGroup section */

/* Begin XCBuildConfiguration section */
		8406F4742251DBA5001B465D /* Debug */ = {
			isa = XCBuildConfiguration;
			buildSettings = {
				ALWAYS_SEARCH_USER_PATHS = NO;
				CLANG_ANALYZER_NONNULL = YES;
				CLANG_ANALYZER_NUMBER_OBJECT_CONVERSION = YES_AGGRESSIVE;
				CLANG_CXX_LANGUAGE_STANDARD = "gnu++14";
				CLANG_CXX_LIBRARY = "libc++";
				CLANG_ENABLE_MODULES = YES;
				CLANG_ENABLE_OBJC_ARC = YES;
				CLANG_ENABLE_OBJC_WEAK = YES;
				CLANG_WARN_BLOCK_CAPTURE_AUTORELEASING = YES;
				CLANG_WARN_BOOL_CONVERSION = YES;
				CLANG_WARN_COMMA = YES;
				CLANG_WARN_CONSTANT_CONVERSION = YES;
				CLANG_WARN_DEPRECATED_OBJC_IMPLEMENTATIONS = YES;
				CLANG_WARN_DIRECT_OBJC_ISA_USAGE = YES_ERROR;
				CLANG_WARN_DOCUMENTATION_COMMENTS = YES;
				CLANG_WARN_EMPTY_BODY = YES;
				CLANG_WARN_ENUM_CONVERSION = YES;
				CLANG_WARN_INFINITE_RECURSION = YES;
				CLANG_WARN_INT_CONVERSION = YES;
				CLANG_WARN_NON_LITERAL_NULL_CONVERSION = YES;
				CLANG_WARN_OBJC_IMPLICIT_RETAIN_SELF = YES;
				CLANG_WARN_OBJC_LITERAL_CONVERSION = YES;
				CLANG_WARN_OBJC_ROOT_CLASS = YES_ERROR;
				CLANG_WARN_RANGE_LOOP_ANALYSIS = YES;
				CLANG_WARN_STRICT_PROTOTYPES = YES;
				CLANG_WARN_SUSPICIOUS_MOVE = YES;
				CLANG_WARN_UNGUARDED_AVAILABILITY = YES_AGGRESSIVE;
				CLANG_WARN_UNREACHABLE_CODE = YES;
				CLANG_WARN__DUPLICATE_METHOD_MATCH = YES;
				CODE_SIGN_IDENTITY = "iPhone Developer";
				COPY_PHASE_STRIP = NO;
				DEBUG_INFORMATION_FORMAT = dwarf;
				ENABLE_STRICT_OBJC_MSGSEND = YES;
				ENABLE_TESTABILITY = YES;
				GCC_C_LANGUAGE_STANDARD = gnu11;
				GCC_DYNAMIC_NO_PIC = NO;
				GCC_NO_COMMON_BLOCKS = YES;
				GCC_OPTIMIZATION_LEVEL = 0;
				GCC_PREPROCESSOR_DEFINITIONS = (
					"DEBUG=1",
					"$(inherited)",
				);
				GCC_WARN_64_TO_32_BIT_CONVERSION = YES;
				GCC_WARN_ABOUT_RETURN_TYPE = YES_ERROR;
				GCC_WARN_UNDECLARED_SELECTOR = YES;
				GCC_WARN_UNINITIALIZED_AUTOS = YES_AGGRESSIVE;
				GCC_WARN_UNUSED_FUNCTION = YES;
				GCC_WARN_UNUSED_VARIABLE = YES;
				IPHONEOS_DEPLOYMENT_TARGET = 12.2;
				MTL_ENABLE_DEBUG_INFO = INCLUDE_SOURCE;
				MTL_FAST_MATH = YES;
				ONLY_ACTIVE_ARCH = YES;
				SDKROOT = iphoneos;
				SWIFT_ACTIVE_COMPILATION_CONDITIONS = DEBUG;
				SWIFT_OPTIMIZATION_LEVEL = "-Onone";
			};
			name = Debug;
		};
		8406F4752251DBA5001B465D /* Release */ = {
			isa = XCBuildConfiguration;
			buildSettings = {
				ALWAYS_SEARCH_USER_PATHS = NO;
				CLANG_ANALYZER_NONNULL = YES;
				CLANG_ANALYZER_NUMBER_OBJECT_CONVERSION = YES_AGGRESSIVE;
				CLANG_CXX_LANGUAGE_STANDARD = "gnu++14";
				CLANG_CXX_LIBRARY = "libc++";
				CLANG_ENABLE_MODULES = YES;
				CLANG_ENABLE_OBJC_ARC = YES;
				CLANG_ENABLE_OBJC_WEAK = YES;
				CLANG_WARN_BLOCK_CAPTURE_AUTORELEASING = YES;
				CLANG_WARN_BOOL_CONVERSION = YES;
				CLANG_WARN_COMMA = YES;
				CLANG_WARN_CONSTANT_CONVERSION = YES;
				CLANG_WARN_DEPRECATED_OBJC_IMPLEMENTATIONS = YES;
				CLANG_WARN_DIRECT_OBJC_ISA_USAGE = YES_ERROR;
				CLANG_WARN_DOCUMENTATION_COMMENTS = YES;
				CLANG_WARN_EMPTY_BODY = YES;
				CLANG_WARN_ENUM_CONVERSION = YES;
				CLANG_WARN_INFINITE_RECURSION = YES;
				CLANG_WARN_INT_CONVERSION = YES;
				CLANG_WARN_NON_LITERAL_NULL_CONVERSION = YES;
				CLANG_WARN_OBJC_IMPLICIT_RETAIN_SELF = YES;
				CLANG_WARN_OBJC_LITERAL_CONVERSION = YES;
				CLANG_WARN_OBJC_ROOT_CLASS = YES_ERROR;
				CLANG_WARN_RANGE_LOOP_ANALYSIS = YES;
				CLANG_WARN_STRICT_PROTOTYPES = YES;
				CLANG_WARN_SUSPICIOUS_MOVE = YES;
				CLANG_WARN_UNGUARDED_AVAILABILITY = YES_AGGRESSIVE;
				CLANG_WARN_UNREACHABLE_CODE = YES;
				CLANG_WARN__DUPLICATE_METHOD_MATCH = YES;
				CODE_SIGN_IDENTITY = "iPhone Developer";
				COPY_PHASE_STRIP = NO;
				DEBUG_INFORMATION_FORMAT = "dwarf-with-dsym";
				ENABLE_NS_ASSERTIONS = NO;
				ENABLE_STRICT_OBJC_MSGSEND = YES;
				GCC_C_LANGUAGE_STANDARD = gnu11;
				GCC_NO_COMMON_BLOCKS = YES;
				GCC_WARN_64_TO_32_BIT_CONVERSION = YES;
				GCC_WARN_ABOUT_RETURN_TYPE = YES_ERROR;
				GCC_WARN_UNDECLARED_SELECTOR = YES;
				GCC_WARN_UNINITIALIZED_AUTOS = YES_AGGRESSIVE;
				GCC_WARN_UNUSED_FUNCTION = YES;
				GCC_WARN_UNUSED_VARIABLE = YES;
				IPHONEOS_DEPLOYMENT_TARGET = 12.2;
				MTL_ENABLE_DEBUG_INFO = NO;
				MTL_FAST_MATH = YES;
				SDKROOT = iphoneos;
				SWIFT_COMPILATION_MODE = wholemodule;
				SWIFT_OPTIMIZATION_LEVEL = "-O";
				VALIDATE_PRODUCT = YES;
			};
			name = Release;
		};
		8406F4772251DBA5001B465D /* Debug */ = {
			isa = XCBuildConfiguration;
			buildSettings = {
				ASSETCATALOG_COMPILER_APPICON_NAME = AppIcon;
				CODE_SIGN_STYLE = Automatic;
				DEVELOPMENT_TEAM = 46FE8LX528;
				INFOPLIST_FILE = "$(SRCROOT)/Resources/Info.plist";
				LD_RUNPATH_SEARCH_PATHS = (
					"$(inherited)",
					"@executable_path/Frameworks",
				);
				PRODUCT_BUNDLE_IDENTIFIER = "com.Aeon.VIP-Demo";
				PRODUCT_NAME = "$(TARGET_NAME)";
				SWIFT_VERSION = 5.0;
				TARGETED_DEVICE_FAMILY = "1,2";
			};
			name = Debug;
		};
		8406F4782251DBA5001B465D /* Release */ = {
			isa = XCBuildConfiguration;
			buildSettings = {
				ASSETCATALOG_COMPILER_APPICON_NAME = AppIcon;
				CODE_SIGN_STYLE = Automatic;
				DEVELOPMENT_TEAM = 46FE8LX528;
				INFOPLIST_FILE = "$(SRCROOT)/Resources/Info.plist";
				LD_RUNPATH_SEARCH_PATHS = (
					"$(inherited)",
					"@executable_path/Frameworks",
				);
				PRODUCT_BUNDLE_IDENTIFIER = "com.Aeon.VIP-Demo";
				PRODUCT_NAME = "$(TARGET_NAME)";
				SWIFT_VERSION = 5.0;
				TARGETED_DEVICE_FAMILY = "1,2";
			};
			name = Release;
		};
		8406F47A2251DBA5001B465D /* Debug */ = {
			isa = XCBuildConfiguration;
			buildSettings = {
				ALWAYS_EMBED_SWIFT_STANDARD_LIBRARIES = YES;
				BUNDLE_LOADER = "$(TEST_HOST)";
				CODE_SIGN_STYLE = Automatic;
				INFOPLIST_FILE = "VIP-DemoTests/Info.plist";
				LD_RUNPATH_SEARCH_PATHS = (
					"$(inherited)",
					"@executable_path/Frameworks",
					"@loader_path/Frameworks",
				);
				PRODUCT_BUNDLE_IDENTIFIER = "com.Aeon.VIP-DemoTests";
				PRODUCT_NAME = "$(TARGET_NAME)";
				SWIFT_VERSION = 5.0;
				TARGETED_DEVICE_FAMILY = "1,2";
				TEST_HOST = "$(BUILT_PRODUCTS_DIR)/VIP-Demo.app/VIP-Demo";
			};
			name = Debug;
		};
		8406F47B2251DBA5001B465D /* Release */ = {
			isa = XCBuildConfiguration;
			buildSettings = {
				ALWAYS_EMBED_SWIFT_STANDARD_LIBRARIES = YES;
				BUNDLE_LOADER = "$(TEST_HOST)";
				CODE_SIGN_STYLE = Automatic;
				INFOPLIST_FILE = "VIP-DemoTests/Info.plist";
				LD_RUNPATH_SEARCH_PATHS = (
					"$(inherited)",
					"@executable_path/Frameworks",
					"@loader_path/Frameworks",
				);
				PRODUCT_BUNDLE_IDENTIFIER = "com.Aeon.VIP-DemoTests";
				PRODUCT_NAME = "$(TARGET_NAME)";
				SWIFT_VERSION = 5.0;
				TARGETED_DEVICE_FAMILY = "1,2";
				TEST_HOST = "$(BUILT_PRODUCTS_DIR)/VIP-Demo.app/VIP-Demo";
			};
			name = Release;
		};
		8406F47D2251DBA5001B465D /* Debug */ = {
			isa = XCBuildConfiguration;
			buildSettings = {
				ALWAYS_EMBED_SWIFT_STANDARD_LIBRARIES = YES;
				CODE_SIGN_STYLE = Automatic;
				INFOPLIST_FILE = "VIP-DemoUITests/Info.plist";
				LD_RUNPATH_SEARCH_PATHS = (
					"$(inherited)",
					"@executable_path/Frameworks",
					"@loader_path/Frameworks",
				);
				PRODUCT_BUNDLE_IDENTIFIER = "com.Aeon.VIP-DemoUITests";
				PRODUCT_NAME = "$(TARGET_NAME)";
				SWIFT_VERSION = 5.0;
				TARGETED_DEVICE_FAMILY = "1,2";
				TEST_TARGET_NAME = "VIP-Demo";
			};
			name = Debug;
		};
		8406F47E2251DBA5001B465D /* Release */ = {
			isa = XCBuildConfiguration;
			buildSettings = {
				ALWAYS_EMBED_SWIFT_STANDARD_LIBRARIES = YES;
				CODE_SIGN_STYLE = Automatic;
				INFOPLIST_FILE = "VIP-DemoUITests/Info.plist";
				LD_RUNPATH_SEARCH_PATHS = (
					"$(inherited)",
					"@executable_path/Frameworks",
					"@loader_path/Frameworks",
				);
				PRODUCT_BUNDLE_IDENTIFIER = "com.Aeon.VIP-DemoUITests";
				PRODUCT_NAME = "$(TARGET_NAME)";
				SWIFT_VERSION = 5.0;
				TARGETED_DEVICE_FAMILY = "1,2";
				TEST_TARGET_NAME = "VIP-Demo";
			};
			name = Release;
		};
/* End XCBuildConfiguration section */

/* Begin XCConfigurationList section */
		8406F4492251DBA1001B465D /* Build configuration list for PBXProject "VIP-Demo" */ = {
			isa = XCConfigurationList;
			buildConfigurations = (
				8406F4742251DBA5001B465D /* Debug */,
				8406F4752251DBA5001B465D /* Release */,
			);
			defaultConfigurationIsVisible = 0;
			defaultConfigurationName = Release;
		};
		8406F4762251DBA5001B465D /* Build configuration list for PBXNativeTarget "VIP-Demo" */ = {
			isa = XCConfigurationList;
			buildConfigurations = (
				8406F4772251DBA5001B465D /* Debug */,
				8406F4782251DBA5001B465D /* Release */,
			);
			defaultConfigurationIsVisible = 0;
			defaultConfigurationName = Release;
		};
		8406F4792251DBA5001B465D /* Build configuration list for PBXNativeTarget "VIP-DemoTests" */ = {
			isa = XCConfigurationList;
			buildConfigurations = (
				8406F47A2251DBA5001B465D /* Debug */,
				8406F47B2251DBA5001B465D /* Release */,
			);
			defaultConfigurationIsVisible = 0;
			defaultConfigurationName = Release;
		};
		8406F47C2251DBA5001B465D /* Build configuration list for PBXNativeTarget "VIP-DemoUITests" */ = {
			isa = XCConfigurationList;
			buildConfigurations = (
				8406F47D2251DBA5001B465D /* Debug */,
				8406F47E2251DBA5001B465D /* Release */,
			);
			defaultConfigurationIsVisible = 0;
			defaultConfigurationName = Release;
		};
/* End XCConfigurationList section */
	};
	rootObject = 8406F4462251DBA1001B465D /* Project object */;
}
